
Microsoft Visual Studio Solution File, Format Version 12.00
# Visual Studio 15
VisualStudioVersion = 15.0.26124.0
MinimumVisualStudioVersion = 15.0.26124.0
Project("{FAE04EC0-301F-11D3-BF4B-00C04F79EFBC}") = "UnitTesting.UnitTesting", "UnitTesting.UnitTesting\UnitTesting.UnitTesting.csproj", "{05E7DBEF-418C-4550-8AD4-B25B31AECBBE}"
EndProject
Project("{FAE04EC0-301F-11D3-BF4B-00C04F79EFBC}") = "UnitTesting", "UnitTesting\UnitTesting.csproj", "{AA81B4D6-2000-4CD6-AFCC-D3241A680D6E}"
EndProject
Global
	GlobalSection(SolutionConfigurationPlatforms) = preSolution
		Debug|Any CPU = Debug|Any CPU
		Debug|x64 = Debug|x64
		Debug|x86 = Debug|x86
		Release|Any CPU = Release|Any CPU
		Release|x64 = Release|x64
		Release|x86 = Release|x86
	EndGlobalSection
	GlobalSection(SolutionProperties) = preSolution
		HideSolutionNode = FALSE
	EndGlobalSection
	GlobalSection(ProjectConfigurationPlatforms) = postSolution
		{05E7DBEF-418C-4550-8AD4-B25B31AECBBE}.Debug|Any CPU.ActiveCfg = Debug|Any CPU
		{05E7DBEF-418C-4550-8AD4-B25B31AECBBE}.Debug|Any CPU.Build.0 = Debug|Any CPU
		{05E7DBEF-418C-4550-8AD4-B25B31AECBBE}.Debug|x64.ActiveCfg = Debug|Any CPU
		{05E7DBEF-418C-4550-8AD4-B25B31AECBBE}.Debug|x64.Build.0 = Debug|Any CPU
		{05E7DBEF-418C-4550-8AD4-B25B31AECBBE}.Debug|x86.ActiveCfg = Debug|Any CPU
		{05E7DBEF-418C-4550-8AD4-B25B31AECBBE}.Debug|x86.Build.0 = Debug|Any CPU
		{05E7DBEF-418C-4550-8AD4-B25B31AECBBE}.Release|Any CPU.ActiveCfg = Release|Any CPU
		{05E7DBEF-418C-4550-8AD4-B25B31AECBBE}.Release|Any CPU.Build.0 = Release|Any CPU
		{05E7DBEF-418C-4550-8AD4-B25B31AECBBE}.Release|x64.ActiveCfg = Release|Any CPU
		{05E7DBEF-418C-4550-8AD4-B25B31AECBBE}.Release|x64.Build.0 = Release|Any CPU
		{05E7DBEF-418C-4550-8AD4-B25B31AECBBE}.Release|x86.ActiveCfg = Release|Any CPU
		{05E7DBEF-418C-4550-8AD4-B25B31AECBBE}.Release|x86.Build.0 = Release|Any CPU
		{AA81B4D6-2000-4CD6-AFCC-D3241A680D6E}.Debug|Any CPU.ActiveCfg = Debug|Any CPU
		{AA81B4D6-2000-4CD6-AFCC-D3241A680D6E}.Debug|Any CPU.Build.0 = Debug|Any CPU
		{AA81B4D6-2000-4CD6-AFCC-D3241A680D6E}.Debug|x64.ActiveCfg = Debug|Any CPU
		{AA81B4D6-2000-4CD6-AFCC-D3241A680D6E}.Debug|x64.Build.0 = Debug|Any CPU
		{AA81B4D6-2000-4CD6-AFCC-D3241A680D6E}.Debug|x86.ActiveCfg = Debug|Any CPU
		{AA81B4D6-2000-4CD6-AFCC-D3241A680D6E}.Debug|x86.Build.0 = Debug|Any CPU
		{AA81B4D6-2000-4CD6-AFCC-D3241A680D6E}.Release|Any CPU.ActiveCfg = Release|Any CPU
		{AA81B4D6-2000-4CD6-AFCC-D3241A680D6E}.Release|Any CPU.Build.0 = Release|Any CPU
		{AA81B4D6-2000-4CD6-AFCC-D3241A680D6E}.Release|x64.ActiveCfg = Release|Any CPU
		{AA81B4D6-2000-4CD6-AFCC-D3241A680D6E}.Release|x64.Build.0 = Release|Any CPU
		{AA81B4D6-2000-4CD6-AFCC-D3241A680D6E}.Release|x86.ActiveCfg = Release|Any CPU
		{AA81B4D6-2000-4CD6-AFCC-D3241A680D6E}.Release|x86.Build.0 = Release|Any CPU
	EndGlobalSection
EndGlobal
